
Microsoft Visual Studio Solution File, Format Version 12.00
# Visual Studio Version 16
VisualStudioVersion = 16.0.29201.188
MinimumVisualStudioVersion = 10.0.40219.1
Project("{FAE04EC0-301F-11D3-BF4B-00C04F79EFBC}") = "ImageReciever", "ImageReciever\ImageReciever.csproj", "{862B3810-CA9C-4F81-A35E-B3BEE342CE01}"
EndProject
Global
	GlobalSection(SolutionConfigurationPlatforms) = preSolution
		Debug|Any CPU = Debug|Any CPU
		Release|Any CPU = Release|Any CPU
	EndGlobalSection
	GlobalSection(ProjectConfigurationPlatforms) = postSolution
		{862B3810-CA9C-4F81-A35E-B3BEE342CE01}.Debug|Any CPU.ActiveCfg = Debug|Any CPU
		{862B3810-CA9C-4F81-A35E-B3BEE342CE01}.Debug|Any CPU.Build.0 = Debug|Any CPU
		{862B3810-CA9C-4F81-A35E-B3BEE342CE01}.Release|Any CPU.ActiveCfg = Release|Any CPU
		{862B3810-CA9C-4F81-A35E-B3BEE342CE01}.Release|Any CPU.Build.0 = Release|Any CPU
	EndGlobalSection
	GlobalSection(SolutionProperties) = preSolution
		HideSolutionNode = FALSE
	EndGlobalSection
	GlobalSection(ExtensibilityGlobals) = postSolution
		SolutionGuid = {AA30812C-386B-442E-A5DA-5AD6753AE472}
	EndGlobalSection
EndGlobal
